
Microsoft Visual Studio Solution File, Format Version 12.00
# Visual Studio Version 16
VisualStudioVersion = 16.0.30621.155
MinimumVisualStudioVersion = 10.0.40219.1
Project("{9A19103F-16F7-4668-BE54-9A1E7A4F7556}") = "IllyriadGames.ByteArrayExtensions", "src\IllyriadGames.ByteArrayExtensions\IllyriadGames.ByteArrayExtensions.csproj", "{ED237FFD-AD4B-43D2-B866-E4ACC104E3AB}"
EndProject
Project("{9A19103F-16F7-4668-BE54-9A1E7A4F7556}") = "IllyriadGames.ByteArrayExtensionsBenchmarks", "test\IllyriadGames.ByteArrayExtensionsBenchmarks\IllyriadGames.ByteArrayExtensionsBenchmarks.csproj", "{8DAE30A9-8BE8-4CB4-87A8-C0A25A8FF3FD}"
EndProject
Project("{9A19103F-16F7-4668-BE54-9A1E7A4F7556}") = "IllyriadGames.ByteArrayExtensionsTests", "test\IllyriadGames.ByteArrayExtensionsTests\IllyriadGames.ByteArrayExtensionsTests.csproj", "{C2E5F6A1-B242-442A-AC47-C0CDEB4CED68}"
EndProject
Global
	GlobalSection(SolutionConfigurationPlatforms) = preSolution
		Debug|Any CPU = Debug|Any CPU
		Release|Any CPU = Release|Any CPU
	EndGlobalSection
	GlobalSection(ProjectConfigurationPlatforms) = postSolution
		{ED237FFD-AD4B-43D2-B866-E4ACC104E3AB}.Debug|Any CPU.ActiveCfg = Debug|Any CPU
		{ED237FFD-AD4B-43D2-B866-E4ACC104E3AB}.Debug|Any CPU.Build.0 = Debug|Any CPU
		{ED237FFD-AD4B-43D2-B866-E4ACC104E3AB}.Release|Any CPU.ActiveCfg = Release|Any CPU
		{ED237FFD-AD4B-43D2-B866-E4ACC104E3AB}.Release|Any CPU.Build.0 = Release|Any CPU
		{8DAE30A9-8BE8-4CB4-87A8-C0A25A8FF3FD}.Debug|Any CPU.ActiveCfg = Debug|Any CPU
		{8DAE30A9-8BE8-4CB4-87A8-C0A25A8FF3FD}.Debug|Any CPU.Build.0 = Debug|Any CPU
		{8DAE30A9-8BE8-4CB4-87A8-C0A25A8FF3FD}.Release|Any CPU.ActiveCfg = Release|Any CPU
		{8DAE30A9-8BE8-4CB4-87A8-C0A25A8FF3FD}.Release|Any CPU.Build.0 = Release|Any CPU
		{C2E5F6A1-B242-442A-AC47-C0CDEB4CED68}.Debug|Any CPU.ActiveCfg = Debug|Any CPU
		{C2E5F6A1-B242-442A-AC47-C0CDEB4CED68}.Debug|Any CPU.Build.0 = Debug|Any CPU
		{C2E5F6A1-B242-442A-AC47-C0CDEB4CED68}.Release|Any CPU.ActiveCfg = Release|Any CPU
		{C2E5F6A1-B242-442A-AC47-C0CDEB4CED68}.Release|Any CPU.Build.0 = Release|Any CPU
	EndGlobalSection
	GlobalSection(SolutionProperties) = preSolution
		HideSolutionNode = FALSE
	EndGlobalSection
	GlobalSection(ExtensibilityGlobals) = postSolution
		SolutionGuid = {BA61CE66-46BB-49F6-9E9C-87F98421C3F9}
	EndGlobalSection
EndGlobal
